{
    "_readme": [
        "This file locks the dependencies of your project to a known state",
        "Read more about it at https://getcomposer.org/doc/01-basic-usage.md#composer-lock-the-lock-file"
    ],
    "content-hash": "d41d8cd98f00b204e9800998ecf8427e",
    "packages": [],
    "packages-dev": [],
    "platform": {
        "php": "^8.0"
    },
    "platform-dev": [],
    "plugin-api-version": "2.3.0"
}
